
Microsoft Visual Studio Solution File, Format Version 12.00
# Visual Studio Version 17
VisualStudioVersion = 17.9.34728.123
MinimumVisualStudioVersion = 10.0.40219.1
Project("{FAE04EC0-301F-11D3-BF4B-00C04F79EFBC}") = "CwkSocial", "CwkSocial.csproj", "{C4EB9232-717A-41E6-B1F1-09024B8FC4B1}"
EndProject
Project("{FAE04EC0-301F-11D3-BF4B-00C04F79EFBC}") = "CwkSocial.Api", "..\CwkSocial.Api\CwkSocial.Api.csproj", "{6230EB79-0529-44CC-BFDC-8B8A4BFE005D}"
EndProject
Project("{FAE04EC0-301F-11D3-BF4B-00C04F79EFBC}") = "Cwk.Domain", "..\Cwk.Domain\Cwk.Domain.csproj", "{9168C092-C31C-4FA6-9753-7EF2183619C9}"
EndProject
Project("{FAE04EC0-301F-11D3-BF4B-00C04F79EFBC}") = "CwkSocial.Application", "..\CwkSocial.Application\CwkSocial.Application.csproj", "{278BD6F6-5D26-4EC5-AADC-7B30E7F09728}"
EndProject
Project("{FAE04EC0-301F-11D3-BF4B-00C04F79EFBC}") = "CwkSocial.Dal", "..\CwkSocial.Dal\CwkSocial.Dal.csproj", "{F91462DA-04C8-4A35-81FB-B2573F975E34}"
EndProject
Global
	GlobalSection(SolutionConfigurationPlatforms) = preSolution
		Debug|Any CPU = Debug|Any CPU
		Release|Any CPU = Release|Any CPU
	EndGlobalSection
	GlobalSection(ProjectConfigurationPlatforms) = postSolution
		{C4EB9232-717A-41E6-B1F1-09024B8FC4B1}.Debug|Any CPU.ActiveCfg = Debug|Any CPU
		{C4EB9232-717A-41E6-B1F1-09024B8FC4B1}.Debug|Any CPU.Build.0 = Debug|Any CPU
		{C4EB9232-717A-41E6-B1F1-09024B8FC4B1}.Release|Any CPU.ActiveCfg = Release|Any CPU
		{C4EB9232-717A-41E6-B1F1-09024B8FC4B1}.Release|Any CPU.Build.0 = Release|Any CPU
		{6230EB79-0529-44CC-BFDC-8B8A4BFE005D}.Debug|Any CPU.ActiveCfg = Debug|Any CPU
		{6230EB79-0529-44CC-BFDC-8B8A4BFE005D}.Debug|Any CPU.Build.0 = Debug|Any CPU
		{6230EB79-0529-44CC-BFDC-8B8A4BFE005D}.Release|Any CPU.ActiveCfg = Release|Any CPU
		{6230EB79-0529-44CC-BFDC-8B8A4BFE005D}.Release|Any CPU.Build.0 = Release|Any CPU
		{9168C092-C31C-4FA6-9753-7EF2183619C9}.Debug|Any CPU.ActiveCfg = Debug|Any CPU
		{9168C092-C31C-4FA6-9753-7EF2183619C9}.Debug|Any CPU.Build.0 = Debug|Any CPU
		{9168C092-C31C-4FA6-9753-7EF2183619C9}.Release|Any CPU.ActiveCfg = Release|Any CPU
		{9168C092-C31C-4FA6-9753-7EF2183619C9}.Release|Any CPU.Build.0 = Release|Any CPU
		{278BD6F6-5D26-4EC5-AADC-7B30E7F09728}.Debug|Any CPU.ActiveCfg = Debug|Any CPU
		{278BD6F6-5D26-4EC5-AADC-7B30E7F09728}.Debug|Any CPU.Build.0 = Debug|Any CPU
		{278BD6F6-5D26-4EC5-AADC-7B30E7F09728}.Release|Any CPU.ActiveCfg = Release|Any CPU
		{278BD6F6-5D26-4EC5-AADC-7B30E7F09728}.Release|Any CPU.Build.0 = Release|Any CPU
		{F91462DA-04C8-4A35-81FB-B2573F975E34}.Debug|Any CPU.ActiveCfg = Debug|Any CPU
		{F91462DA-04C8-4A35-81FB-B2573F975E34}.Debug|Any CPU.Build.0 = Debug|Any CPU
		{F91462DA-04C8-4A35-81FB-B2573F975E34}.Release|Any CPU.ActiveCfg = Release|Any CPU
		{F91462DA-04C8-4A35-81FB-B2573F975E34}.Release|Any CPU.Build.0 = Release|Any CPU
	EndGlobalSection
	GlobalSection(SolutionProperties) = preSolution
		HideSolutionNode = FALSE
	EndGlobalSection
	GlobalSection(ExtensibilityGlobals) = postSolution
		SolutionGuid = {3935433A-696F-4D96-B3C2-22FE90716801}
	EndGlobalSection
EndGlobal
